
Microsoft Visual Studio Solution File, Format Version 12.00
# Visual Studio Version 17
VisualStudioVersion = 17.7.34202.233
MinimumVisualStudioVersion = 10.0.40219.1
Project("{8BC9CEB8-8B4A-11D0-8D11-00A0C91BC942}") = "Diagram aktywności - żarówka", "Diagram aktywności - żarówka\Diagram aktywności - żarówka.vcxproj", "{FF05DF73-6FB0-4584-AA58-AD5EF6A0927B}"
EndProject
Global
	GlobalSection(SolutionConfigurationPlatforms) = preSolution
		Debug|x64 = Debug|x64
		Debug|x86 = Debug|x86
		Release|x64 = Release|x64
		Release|x86 = Release|x86
	EndGlobalSection
	GlobalSection(ProjectConfigurationPlatforms) = postSolution
		{FF05DF73-6FB0-4584-AA58-AD5EF6A0927B}.Debug|x64.ActiveCfg = Debug|x64
		{FF05DF73-6FB0-4584-AA58-AD5EF6A0927B}.Debug|x64.Build.0 = Debug|x64
		{FF05DF73-6FB0-4584-AA58-AD5EF6A0927B}.Debug|x86.ActiveCfg = Debug|Win32
		{FF05DF73-6FB0-4584-AA58-AD5EF6A0927B}.Debug|x86.Build.0 = Debug|Win32
		{FF05DF73-6FB0-4584-AA58-AD5EF6A0927B}.Release|x64.ActiveCfg = Release|x64
		{FF05DF73-6FB0-4584-AA58-AD5EF6A0927B}.Release|x64.Build.0 = Release|x64
		{FF05DF73-6FB0-4584-AA58-AD5EF6A0927B}.Release|x86.ActiveCfg = Release|Win32
		{FF05DF73-6FB0-4584-AA58-AD5EF6A0927B}.Release|x86.Build.0 = Release|Win32
	EndGlobalSection
	GlobalSection(SolutionProperties) = preSolution
		HideSolutionNode = FALSE
	EndGlobalSection
	GlobalSection(ExtensibilityGlobals) = postSolution
		SolutionGuid = {9AE146F4-F738-4B50-A3AF-F05DB7A5F566}
	EndGlobalSection
EndGlobal
